
Microsoft Visual Studio Solution File, Format Version 12.00
# Visual Studio Version 17
VisualStudioVersion = 17.5.33414.496
MinimumVisualStudioVersion = 10.0.40219.1
Project("{FAE04EC0-301F-11D3-BF4B-00C04F79EFBC}") = "P2_2020CG601_2020MR602_2020RO601", "P2_2020CG601_2020MR602_2020RO601\P2_2020CG601_2020MR602_2020RO601.csproj", "{CAB7D3B9-7DBD-407F-97A8-68B03763D997}"
EndProject
Global
	GlobalSection(SolutionConfigurationPlatforms) = preSolution
		Debug|Any CPU = Debug|Any CPU
		Release|Any CPU = Release|Any CPU
	EndGlobalSection
	GlobalSection(ProjectConfigurationPlatforms) = postSolution
		{CAB7D3B9-7DBD-407F-97A8-68B03763D997}.Debug|Any CPU.ActiveCfg = Debug|Any CPU
		{CAB7D3B9-7DBD-407F-97A8-68B03763D997}.Debug|Any CPU.Build.0 = Debug|Any CPU
		{CAB7D3B9-7DBD-407F-97A8-68B03763D997}.Release|Any CPU.ActiveCfg = Release|Any CPU
		{CAB7D3B9-7DBD-407F-97A8-68B03763D997}.Release|Any CPU.Build.0 = Release|Any CPU
	EndGlobalSection
	GlobalSection(SolutionProperties) = preSolution
		HideSolutionNode = FALSE
	EndGlobalSection
	GlobalSection(ExtensibilityGlobals) = postSolution
		SolutionGuid = {3C43B6D1-2412-4E00-8D5C-1733C1B49E2F}
	EndGlobalSection
EndGlobal
